# THIS IS AN AUTOGENERATED FILE. DO NOT EDIT THIS FILE DIRECTLY.
# yarn lockfile v1


"@types/mocha@^8.0.3":
  version "8.0.3"
  resolved "https://registry.yarnpkg.com/@types/mocha/-/mocha-8.0.3.tgz#51b21b6acb6d1b923bbdc7725c38f9f455166402"
  integrity sha512-vyxR57nv8NfcU0GZu8EUXZLTbCMupIUwy95LJ6lllN+JRPG25CwMHoB1q5xKh8YKhQnHYRAn4yW2yuHbf/5xgg==

"@types/node@^14.6.4":
  version "14.14.2"
  resolved "https://registry.yarnpkg.com/@types/node/-/node-14.14.2.tgz#d25295f9e4ca5989a2c610754dc02a9721235eeb"
  integrity sha512-jeYJU2kl7hL9U5xuI/BhKPZ4vqGM/OmK6whiFAXVhlstzZhVamWhDSmHyGLIp+RVyuF9/d0dqr2P85aFj4BvJg==

"@types/vscode@^1.40.0":
  version "1.50.0"
  resolved "https://registry.yarnpkg.com/@types/vscode/-/vscode-1.50.0.tgz#9f409d9dce22ebc11e2fcdd28fabd1917a961bb7"
  integrity sha512-QnIeyi4L2DiD9M2bAQKRzT/EQvc80qP9UL6JD5TiLlNRL1khIDg4ej4mDSRbtFrDAsRntFI1RhMvdomUThMsqg==

helpful-decorators@^2.1.0:
  version "2.1.0"
  resolved "https://registry.yarnpkg.com/helpful-decorators/-/helpful-decorators-2.1.0.tgz#3be11ed4600b856dc117336c8a2d8f2b60401052"
  integrity sha512-RiJEDqSD5c7zmNbx0EgcOvHMOu793Q5M51Q8lS+EHtBmxVE89s95ScMg0bLmLqMl2mA+JEU6WfXkyGLcdYb0wg==
  dependencies:
    lodash.debounce "4.0.8"
    lodash.delay "4.1.1"
    lodash.memoize "4.1.2"
    lodash.once "4.1.1"
    lodash.throttle "4.1.1"

lodash.debounce@4.0.8:
  version "4.0.8"
  resolved "https://registry.yarnpkg.com/lodash.debounce/-/lodash.debounce-4.0.8.tgz#82d79bff30a67c4005ffd5e2515300ad9ca4d7af"
  integrity sha1-gteb/zCmfEAF/9XiUVMArZyk168=

lodash.delay@4.1.1:
  version "4.1.1"
  resolved "https://registry.yarnpkg.com/lodash.delay/-/lodash.delay-4.1.1.tgz#8a3b424988252ab912356d8e3ce93eb172d9f231"
  integrity sha1-ijtCSYglKrkSNW2OPOk+sXLZ8jE=

lodash.memoize@4.1.2:
  version "4.1.2"
  resolved "https://registry.yarnpkg.com/lodash.memoize/-/lodash.memoize-4.1.2.tgz#bcc6c49a42a2840ed997f323eada5ecd182e0bfe"
  integrity sha1-vMbEmkKihA7Zl/Mj6tpezRguC/4=

lodash.once@4.1.1:
  version "4.1.1"
  resolved "https://registry.yarnpkg.com/lodash.once/-/lodash.once-4.1.1.tgz#0dd3971213c7c56df880977d504c88fb471a97ac"
  integrity sha1-DdOXEhPHxW34gJd9UEyI+0cal6w=

lodash.throttle@4.1.1:
  version "4.1.1"
  resolved "https://registry.yarnpkg.com/lodash.throttle/-/lodash.throttle-4.1.1.tgz#c23e91b710242ac70c37f1e1cda9274cc39bf2f4"
  integrity sha1-wj6RtxAkKscMN/HhzaknTMOb8vQ=

tsdef@^0.0.14:
  version "0.0.14"
  resolved "https://registry.yarnpkg.com/tsdef/-/tsdef-0.0.14.tgz#fb401d58d5c08699091942981ac1b5fa8ef23412"
  integrity sha512-UjMD4XKRWWFlFBfwKVQmGFT5YzW/ZaF8x6KpCDf92u9wgKeha/go3FU0e5WqDjXsCOdfiavCkfwfVHNDxRDGMA==

typescript@^4.1.0-dev.20201023:
  version "4.1.0-dev.20201023"
  resolved "https://registry.yarnpkg.com/typescript/-/typescript-4.1.0-dev.20201023.tgz#f08b7a847993ce7650e9057fdbf50614c30ad5d1"
  integrity sha512-jjUBsuzdCd7KLiFlRcxRsJ6bR2HI7fs2mIgcN7DsHhc3RME3u+FcTcYyNdAmFTqndDYiee6eRIaH7GAtGTixow==
